
Microsoft Visual Studio Solution File, Format Version 12.00
# Visual Studio Version 17
VisualStudioVersion = 17.14.36511.14
MinimumVisualStudioVersion = 10.0.40219.1
Project("{FAE04EC0-301F-11D3-BF4B-00C04F79EFBC}") = "ICT.PeopleCore.API", "ICT.PeopleCore.API.csproj", "{DAF99093-F862-442C-82EA-4FF18563C933}"
EndProject
Project("{FAE04EC0-301F-11D3-BF4B-00C04F79EFBC}") = "ICT.PeopleCore.Entity", "..\ICT.PeopleCore.Entity\ICT.PeopleCore.Entity.csproj", "{AD5D0E17-D5C2-4379-8051-D1C38D1FC231}"
EndProject
Project("{FAE04EC0-301F-11D3-BF4B-00C04F79EFBC}") = "ICT.PeopleCore.Services", "..\ICT.PeopleCore.Services\ICT.PeopleCore.Services.csproj", "{F15A2758-A2E6-4336-915A-4C779E8776FC}"
EndProject
Project("{FAE04EC0-301F-11D3-BF4B-00C04F79EFBC}") = "ICT.PeopleCore.Interface", "..\ICT.PeopleCore.Interface\ICT.PeopleCore.Interface.csproj", "{C8F731EE-AE61-4F00-AC51-E8FB4563DC8C}"
EndProject
Project("{FAE04EC0-301F-11D3-BF4B-00C04F79EFBC}") = "ICT.PeopleCore.Helper", "..\ICT.PeopleCore.Helper\ICT.PeopleCore.Helper.csproj", "{FDFCB1CE-ACA7-42FD-A946-550BB6D0130E}"
EndProject
Project("{FAE04EC0-301F-11D3-BF4B-00C04F79EFBC}") = "ICT.PeopleCore.Repository.Interface", "..\ICT.PeopleCore.Repository.Interface\ICT.PeopleCore.Repository.Interface.csproj", "{AFC39A9B-0123-437C-A337-9257088965ED}"
EndProject
Project("{FAE04EC0-301F-11D3-BF4B-00C04F79EFBC}") = "ICT.PeopleCore.Repository.Services", "..\ICT.PeopleCore.Repository.Services\ICT.PeopleCore.Repository.Services.csproj", "{01D47253-3435-4A08-8477-F3838A808FD0}"
EndProject
Project("{2150E333-8FDC-42A3-9474-1A3956D46DE8}") = "Web Api", "Web Api", "{02EA681E-C7D8-13C7-8484-4AC65E1B71E8}"
EndProject
Project("{2150E333-8FDC-42A3-9474-1A3956D46DE8}") = "Entity", "Entity", "{4CAF956A-2D48-43E1-A713-63A6757A7174}"
EndProject
Project("{2150E333-8FDC-42A3-9474-1A3956D46DE8}") = "Interface", "Interface", "{C7B4B5E9-6545-4B45-B86D-5C9C095B56AD}"
EndProject
Project("{2150E333-8FDC-42A3-9474-1A3956D46DE8}") = "Services", "Services", "{BEC614A3-FC8E-4C33-8D9D-F9088D2906E6}"
EndProject
Project("{2150E333-8FDC-42A3-9474-1A3956D46DE8}") = "Helper", "Helper", "{A74EF459-9935-4F2C-9666-B193AB517978}"
EndProject
Global
	GlobalSection(SolutionConfigurationPlatforms) = preSolution
		Debug|Any CPU = Debug|Any CPU
		Release|Any CPU = Release|Any CPU
	EndGlobalSection
	GlobalSection(ProjectConfigurationPlatforms) = postSolution
		{DAF99093-F862-442C-82EA-4FF18563C933}.Debug|Any CPU.ActiveCfg = Debug|Any CPU
		{DAF99093-F862-442C-82EA-4FF18563C933}.Debug|Any CPU.Build.0 = Debug|Any CPU
		{DAF99093-F862-442C-82EA-4FF18563C933}.Release|Any CPU.ActiveCfg = Release|Any CPU
		{DAF99093-F862-442C-82EA-4FF18563C933}.Release|Any CPU.Build.0 = Release|Any CPU
		{AD5D0E17-D5C2-4379-8051-D1C38D1FC231}.Debug|Any CPU.ActiveCfg = Debug|Any CPU
		{AD5D0E17-D5C2-4379-8051-D1C38D1FC231}.Debug|Any CPU.Build.0 = Debug|Any CPU
		{AD5D0E17-D5C2-4379-8051-D1C38D1FC231}.Release|Any CPU.ActiveCfg = Release|Any CPU
		{AD5D0E17-D5C2-4379-8051-D1C38D1FC231}.Release|Any CPU.Build.0 = Release|Any CPU
		{F15A2758-A2E6-4336-915A-4C779E8776FC}.Debug|Any CPU.ActiveCfg = Debug|Any CPU
		{F15A2758-A2E6-4336-915A-4C779E8776FC}.Debug|Any CPU.Build.0 = Debug|Any CPU
		{F15A2758-A2E6-4336-915A-4C779E8776FC}.Release|Any CPU.ActiveCfg = Release|Any CPU
		{F15A2758-A2E6-4336-915A-4C779E8776FC}.Release|Any CPU.Build.0 = Release|Any CPU
		{C8F731EE-AE61-4F00-AC51-E8FB4563DC8C}.Debug|Any CPU.ActiveCfg = Debug|Any CPU
		{C8F731EE-AE61-4F00-AC51-E8FB4563DC8C}.Debug|Any CPU.Build.0 = Debug|Any CPU
		{C8F731EE-AE61-4F00-AC51-E8FB4563DC8C}.Release|Any CPU.ActiveCfg = Release|Any CPU
		{C8F731EE-AE61-4F00-AC51-E8FB4563DC8C}.Release|Any CPU.Build.0 = Release|Any CPU
		{FDFCB1CE-ACA7-42FD-A946-550BB6D0130E}.Debug|Any CPU.ActiveCfg = Debug|Any CPU
		{FDFCB1CE-ACA7-42FD-A946-550BB6D0130E}.Debug|Any CPU.Build.0 = Debug|Any CPU
		{FDFCB1CE-ACA7-42FD-A946-550BB6D0130E}.Release|Any CPU.ActiveCfg = Release|Any CPU
		{FDFCB1CE-ACA7-42FD-A946-550BB6D0130E}.Release|Any CPU.Build.0 = Release|Any CPU
		{AFC39A9B-0123-437C-A337-9257088965ED}.Debug|Any CPU.ActiveCfg = Debug|Any CPU
		{AFC39A9B-0123-437C-A337-9257088965ED}.Debug|Any CPU.Build.0 = Debug|Any CPU
		{AFC39A9B-0123-437C-A337-9257088965ED}.Release|Any CPU.ActiveCfg = Release|Any CPU
		{AFC39A9B-0123-437C-A337-9257088965ED}.Release|Any CPU.Build.0 = Release|Any CPU
		{01D47253-3435-4A08-8477-F3838A808FD0}.Debug|Any CPU.ActiveCfg = Debug|Any CPU
		{01D47253-3435-4A08-8477-F3838A808FD0}.Debug|Any CPU.Build.0 = Debug|Any CPU
		{01D47253-3435-4A08-8477-F3838A808FD0}.Release|Any CPU.ActiveCfg = Release|Any CPU
		{01D47253-3435-4A08-8477-F3838A808FD0}.Release|Any CPU.Build.0 = Release|Any CPU
	EndGlobalSection
	GlobalSection(SolutionProperties) = preSolution
		HideSolutionNode = FALSE
	EndGlobalSection
	GlobalSection(NestedProjects) = preSolution
		{DAF99093-F862-442C-82EA-4FF18563C933} = {02EA681E-C7D8-13C7-8484-4AC65E1B71E8}
		{AD5D0E17-D5C2-4379-8051-D1C38D1FC231} = {4CAF956A-2D48-43E1-A713-63A6757A7174}
		{F15A2758-A2E6-4336-915A-4C779E8776FC} = {BEC614A3-FC8E-4C33-8D9D-F9088D2906E6}
		{C8F731EE-AE61-4F00-AC51-E8FB4563DC8C} = {C7B4B5E9-6545-4B45-B86D-5C9C095B56AD}
		{FDFCB1CE-ACA7-42FD-A946-550BB6D0130E} = {A74EF459-9935-4F2C-9666-B193AB517978}
		{AFC39A9B-0123-437C-A337-9257088965ED} = {C7B4B5E9-6545-4B45-B86D-5C9C095B56AD}
		{01D47253-3435-4A08-8477-F3838A808FD0} = {BEC614A3-FC8E-4C33-8D9D-F9088D2906E6}
	EndGlobalSection
	GlobalSection(ExtensibilityGlobals) = postSolution
		SolutionGuid = {FA70BD8B-695F-4728-ADB6-A73FE6380B1D}
	EndGlobalSection
EndGlobal
